
Microsoft Visual Studio Solution File, Format Version 12.00
# Visual Studio Version 17
VisualStudioVersion = 17.8.34322.80
MinimumVisualStudioVersion = 10.0.40219.1
Project("{9A19103F-16F7-4668-BE54-9A1E7A4F7556}") = "API", "API\API.csproj", "{32AC9512-5A46-4A63-903A-8181E2DFA7A9}"
EndProject
Project("{2150E333-8FDC-42A3-9474-1A3956D46DE8}") = "1-Service", "1-Service", "{045AA23A-7E8F-4E83-A91A-88DFB5649FA1}"
EndProject
Project("{2150E333-8FDC-42A3-9474-1A3956D46DE8}") = "2-Application", "2-Application", "{018E4A90-9817-45BA-A2AD-0E8FE094519C}"
EndProject
Project("{9A19103F-16F7-4668-BE54-9A1E7A4F7556}") = "API.Service", "API.Service\API.Service.csproj", "{10B0D635-A6CF-4E40-9F20-76D9CEC8D6D5}"
EndProject
Project("{2150E333-8FDC-42A3-9474-1A3956D46DE8}") = "3-Domain", "3-Domain", "{CF0114A7-B468-463F-81D1-AFA9E1D1A242}"
EndProject
Project("{9A19103F-16F7-4668-BE54-9A1E7A4F7556}") = "API.Business", "API.Business\API.Business.csproj", "{E3CC3B57-7D30-40B2-8C8B-130EB5DB6223}"
EndProject
Project("{2150E333-8FDC-42A3-9474-1A3956D46DE8}") = "4-Infra", "4-Infra", "{B6055295-F554-488F-9872-F07CDBEE8965}"
EndProject
Project("{9A19103F-16F7-4668-BE54-9A1E7A4F7556}") = "API.Data", "API.Infra\API.Data.csproj", "{E4D3017A-34C4-478D-AF39-095A76A78A15}"
EndProject
Project("{2150E333-8FDC-42A3-9474-1A3956D46DE8}") = "4.1-Data", "4.1-Data", "{B403415C-6867-40BF-827D-C15B0D182091}"
EndProject
Project("{2150E333-8FDC-42A3-9474-1A3956D46DE8}") = "AutoMapper", "AutoMapper", "{E68D8377-1FC7-49D0-ADD1-E4E1B99F5E15}"
EndProject
Project("{9A19103F-16F7-4668-BE54-9A1E7A4F7556}") = "API.AutoMapper", "API.AutoMapper\API.AutoMapper.csproj", "{8DF83A34-EF07-4F19-AD42-A572ECDC6BA9}"
EndProject
Global
	GlobalSection(SolutionConfigurationPlatforms) = preSolution
		Debug|Any CPU = Debug|Any CPU
		Release|Any CPU = Release|Any CPU
	EndGlobalSection
	GlobalSection(ProjectConfigurationPlatforms) = postSolution
		{32AC9512-5A46-4A63-903A-8181E2DFA7A9}.Debug|Any CPU.ActiveCfg = Debug|Any CPU
		{32AC9512-5A46-4A63-903A-8181E2DFA7A9}.Debug|Any CPU.Build.0 = Debug|Any CPU
		{32AC9512-5A46-4A63-903A-8181E2DFA7A9}.Release|Any CPU.ActiveCfg = Release|Any CPU
		{32AC9512-5A46-4A63-903A-8181E2DFA7A9}.Release|Any CPU.Build.0 = Release|Any CPU
		{10B0D635-A6CF-4E40-9F20-76D9CEC8D6D5}.Debug|Any CPU.ActiveCfg = Debug|Any CPU
		{10B0D635-A6CF-4E40-9F20-76D9CEC8D6D5}.Debug|Any CPU.Build.0 = Debug|Any CPU
		{10B0D635-A6CF-4E40-9F20-76D9CEC8D6D5}.Release|Any CPU.ActiveCfg = Release|Any CPU
		{10B0D635-A6CF-4E40-9F20-76D9CEC8D6D5}.Release|Any CPU.Build.0 = Release|Any CPU
		{E3CC3B57-7D30-40B2-8C8B-130EB5DB6223}.Debug|Any CPU.ActiveCfg = Debug|Any CPU
		{E3CC3B57-7D30-40B2-8C8B-130EB5DB6223}.Debug|Any CPU.Build.0 = Debug|Any CPU
		{E3CC3B57-7D30-40B2-8C8B-130EB5DB6223}.Release|Any CPU.ActiveCfg = Release|Any CPU
		{E3CC3B57-7D30-40B2-8C8B-130EB5DB6223}.Release|Any CPU.Build.0 = Release|Any CPU
		{E4D3017A-34C4-478D-AF39-095A76A78A15}.Debug|Any CPU.ActiveCfg = Debug|Any CPU
		{E4D3017A-34C4-478D-AF39-095A76A78A15}.Debug|Any CPU.Build.0 = Debug|Any CPU
		{E4D3017A-34C4-478D-AF39-095A76A78A15}.Release|Any CPU.ActiveCfg = Release|Any CPU
		{E4D3017A-34C4-478D-AF39-095A76A78A15}.Release|Any CPU.Build.0 = Release|Any CPU
		{8DF83A34-EF07-4F19-AD42-A572ECDC6BA9}.Debug|Any CPU.ActiveCfg = Debug|Any CPU
		{8DF83A34-EF07-4F19-AD42-A572ECDC6BA9}.Debug|Any CPU.Build.0 = Debug|Any CPU
		{8DF83A34-EF07-4F19-AD42-A572ECDC6BA9}.Release|Any CPU.ActiveCfg = Release|Any CPU
		{8DF83A34-EF07-4F19-AD42-A572ECDC6BA9}.Release|Any CPU.Build.0 = Release|Any CPU
	EndGlobalSection
	GlobalSection(SolutionProperties) = preSolution
		HideSolutionNode = FALSE
	EndGlobalSection
	GlobalSection(NestedProjects) = preSolution
		{32AC9512-5A46-4A63-903A-8181E2DFA7A9} = {018E4A90-9817-45BA-A2AD-0E8FE094519C}
		{10B0D635-A6CF-4E40-9F20-76D9CEC8D6D5} = {045AA23A-7E8F-4E83-A91A-88DFB5649FA1}
		{E3CC3B57-7D30-40B2-8C8B-130EB5DB6223} = {CF0114A7-B468-463F-81D1-AFA9E1D1A242}
		{E4D3017A-34C4-478D-AF39-095A76A78A15} = {B403415C-6867-40BF-827D-C15B0D182091}
		{B403415C-6867-40BF-827D-C15B0D182091} = {B6055295-F554-488F-9872-F07CDBEE8965}
		{E68D8377-1FC7-49D0-ADD1-E4E1B99F5E15} = {B6055295-F554-488F-9872-F07CDBEE8965}
		{8DF83A34-EF07-4F19-AD42-A572ECDC6BA9} = {E68D8377-1FC7-49D0-ADD1-E4E1B99F5E15}
	EndGlobalSection
	GlobalSection(ExtensibilityGlobals) = postSolution
		SolutionGuid = {A5ED2835-1E5B-459F-A682-CC546BF3F684}
	EndGlobalSection
EndGlobal
